
Microsoft Visual Studio Solution File, Format Version 12.00
# Visual Studio Version 17
VisualStudioVersion = 17.9.34607.119
MinimumVisualStudioVersion = 10.0.40219.1
Project("{9A19103F-16F7-4668-BE54-9A1E7A4F7556}") = "Ecommerce.Api.Customers", "Ecommerce.Api.Customers\Ecommerce.Api.Customers.csproj", "{1BE8492A-76D8-4185-A3EC-214778FB4BA0}"
EndProject
Project("{9A19103F-16F7-4668-BE54-9A1E7A4F7556}") = "Ecommerce.Api.Products", "Ecommerce.Api.Products\Ecommerce.Api.Products.csproj", "{B5961EE2-3766-46C0-B631-0C38EE2D9856}"
EndProject
Project("{9A19103F-16F7-4668-BE54-9A1E7A4F7556}") = "Ecommerce.Api.Sales", "Ecommerce.Api.Sales\Ecommerce.Api.Sales.csproj", "{4B1C981A-7321-48F4-8BD3-932B4F62C7AF}"
EndProject
Project("{9A19103F-16F7-4668-BE54-9A1E7A4F7556}") = "Ecommerce.APi.Search", "Ecommerce.APi.Search\Ecommerce.APi.Search.csproj", "{E6440B06-95A1-497A-8967-A3E72735D567}"
EndProject
Project("{FAE04EC0-301F-11D3-BF4B-00C04F79EFBC}") = "ECommerce.Api.ProductTest", "ECommerce.Api.ProductTest\ECommerce.Api.ProductTest.csproj", "{E70618CC-4F63-4924-9386-1DA1FA30115B}"
EndProject
Global
	GlobalSection(SolutionConfigurationPlatforms) = preSolution
		Debug|Any CPU = Debug|Any CPU
		Release|Any CPU = Release|Any CPU
	EndGlobalSection
	GlobalSection(ProjectConfigurationPlatforms) = postSolution
		{1BE8492A-76D8-4185-A3EC-214778FB4BA0}.Debug|Any CPU.ActiveCfg = Debug|Any CPU
		{1BE8492A-76D8-4185-A3EC-214778FB4BA0}.Debug|Any CPU.Build.0 = Debug|Any CPU
		{1BE8492A-76D8-4185-A3EC-214778FB4BA0}.Release|Any CPU.ActiveCfg = Release|Any CPU
		{1BE8492A-76D8-4185-A3EC-214778FB4BA0}.Release|Any CPU.Build.0 = Release|Any CPU
		{B5961EE2-3766-46C0-B631-0C38EE2D9856}.Debug|Any CPU.ActiveCfg = Debug|Any CPU
		{B5961EE2-3766-46C0-B631-0C38EE2D9856}.Debug|Any CPU.Build.0 = Debug|Any CPU
		{B5961EE2-3766-46C0-B631-0C38EE2D9856}.Release|Any CPU.ActiveCfg = Release|Any CPU
		{B5961EE2-3766-46C0-B631-0C38EE2D9856}.Release|Any CPU.Build.0 = Release|Any CPU
		{4B1C981A-7321-48F4-8BD3-932B4F62C7AF}.Debug|Any CPU.ActiveCfg = Debug|Any CPU
		{4B1C981A-7321-48F4-8BD3-932B4F62C7AF}.Debug|Any CPU.Build.0 = Debug|Any CPU
		{4B1C981A-7321-48F4-8BD3-932B4F62C7AF}.Release|Any CPU.ActiveCfg = Release|Any CPU
		{4B1C981A-7321-48F4-8BD3-932B4F62C7AF}.Release|Any CPU.Build.0 = Release|Any CPU
		{E6440B06-95A1-497A-8967-A3E72735D567}.Debug|Any CPU.ActiveCfg = Debug|Any CPU
		{E6440B06-95A1-497A-8967-A3E72735D567}.Debug|Any CPU.Build.0 = Debug|Any CPU
		{E6440B06-95A1-497A-8967-A3E72735D567}.Release|Any CPU.ActiveCfg = Release|Any CPU
		{E6440B06-95A1-497A-8967-A3E72735D567}.Release|Any CPU.Build.0 = Release|Any CPU
		{E70618CC-4F63-4924-9386-1DA1FA30115B}.Debug|Any CPU.ActiveCfg = Debug|Any CPU
		{E70618CC-4F63-4924-9386-1DA1FA30115B}.Debug|Any CPU.Build.0 = Debug|Any CPU
		{E70618CC-4F63-4924-9386-1DA1FA30115B}.Release|Any CPU.ActiveCfg = Release|Any CPU
		{E70618CC-4F63-4924-9386-1DA1FA30115B}.Release|Any CPU.Build.0 = Release|Any CPU
	EndGlobalSection
	GlobalSection(SolutionProperties) = preSolution
		HideSolutionNode = FALSE
	EndGlobalSection
	GlobalSection(ExtensibilityGlobals) = postSolution
		SolutionGuid = {9E172E70-1A4E-4CC7-9C41-C0D1CB55C94E}
	EndGlobalSection
EndGlobal
